
Microsoft Visual Studio Solution File, Format Version 12.00
# Visual Studio 2013
VisualStudioVersion = 12.0.21005.1
MinimumVisualStudioVersion = 10.0.40219.1
Project("{8BC9CEB8-8B4A-11D0-8D11-00A0C91BC942}") = "HWK2(4)", "HWK2(4)\HWK2(4).vcxproj", "{98897EC4-7CAA-493B-A9C8-36ACB496B65A}"
EndProject
Global
	GlobalSection(SolutionConfigurationPlatforms) = preSolution
		Debug|Win32 = Debug|Win32
		Release|Win32 = Release|Win32
	EndGlobalSection
	GlobalSection(ProjectConfigurationPlatforms) = postSolution
		{98897EC4-7CAA-493B-A9C8-36ACB496B65A}.Debug|Win32.ActiveCfg = Debug|Win32
		{98897EC4-7CAA-493B-A9C8-36ACB496B65A}.Debug|Win32.Build.0 = Debug|Win32
		{98897EC4-7CAA-493B-A9C8-36ACB496B65A}.Release|Win32.ActiveCfg = Release|Win32
		{98897EC4-7CAA-493B-A9C8-36ACB496B65A}.Release|Win32.Build.0 = Release|Win32
	EndGlobalSection
	GlobalSection(SolutionProperties) = preSolution
		HideSolutionNode = FALSE
	EndGlobalSection
EndGlobal
